// !$*UTF8*$!
{
	archiveVersion = 1;
	classes = {
	};
	objectVersion = 46;
	objects = {

/* Begin PBXBuildFile section */
		300EE1FE1F13FCB8005C346E /* main.m in Sources */ = {isa = PBXBuildFile; fileRef = 300EE1FD1F13FCB8005C346E /* main.m */; };
		300EE2011F13FCB8005C346E /* AppDelegate.m in Sources */ = {isa = PBXBuildFile; fileRef = 300EE2001F13FCB8005C346E /* AppDelegate.m */; };
		300EE2041F13FCB8005C346E /* ViewController.m in Sources */ = {isa = PBXBuildFile; fileRef = 300EE2031F13FCB8005C346E /* ViewController.m */; };
		300EE2071F13FCB8005C346E /* Main.storyboard in Resources */ = {isa = PBXBuildFile; fileRef = 300EE2051F13FCB8005C346E /* Main.storyboard */; };
		300EE2091F13FCB8005C346E /* Assets.xcassets in Resources */ = {isa = PBXBuildFile; fileRef = 300EE2081F13FCB8005C346E /* Assets.xcassets */; };
		300EE20C1F13FCB8005C346E /* LaunchScreen.storyboard in Resources */ = {isa = PBXBuildFile; fileRef = 300EE20A1F13FCB8005C346E /* LaunchScreen.storyboard */; };
		300EE21E1F14027E005C346E /* Contents.json in Resources */ = {isa = PBXBuildFile; fileRef = 300EE2141F14027E005C346E /* Contents.json */; };
		300EE21F1F14027E005C346E /* Contents.json in Resources */ = {isa = PBXBuildFile; fileRef = 300EE2161F14027E005C346E /* Contents.json */; };
		300EE2201F14027E005C346E /* Lighthouse-in-Field.jpg in Resources */ = {isa = PBXBuildFile; fileRef = 300EE2171F14027E005C346E /* Lighthouse-in-Field.jpg */; };
		300EE2211F14027E005C346E /* Contents.json in Resources */ = {isa = PBXBuildFile; fileRef = 300EE2191F14027E005C346E /* Contents.json */; };
		300EE2221F14027E005C346E /* Lighthouse-night.jpg in Resources */ = {isa = PBXBuildFile; fileRef = 300EE21A1F14027E005C346E /* Lighthouse-night.jpg */; };
		300EE2231F14027E005C346E /* Contents.json in Resources */ = {isa = PBXBuildFile; fileRef = 300EE21C1F14027E005C346E /* Contents.json */; };
		300EE2241F14027E005C346E /* Lighthouse.jpg in Resources */ = {isa = PBXBuildFile; fileRef = 300EE21D1F14027E005C346E /* Lighthouse.jpg */; };
/* End PBXBuildFile section */

/* Begin PBXFileReference section */
		300EE1F91F13FCB8005C346E /* ScrollView-ImageGalleries.app */ = {isa = PBXFileReference; explicitFileType = wrapper.application; includeInIndex = 0; path = "ScrollView-ImageGalleries.app"; sourceTree = BUILT_PRODUCTS_DIR; };
		300EE1FD1F13FCB8005C346E /* main.m */ = {isa = PBXFileReference; lastKnownFileType = sourcecode.c.objc; path = main.m; sourceTree = "<group>"; };
		300EE1FF1F13FCB8005C346E /* AppDelegate.h */ = {isa = PBXFileReference; lastKnownFileType = sourcecode.c.h; path = AppDelegate.h; sourceTree = "<group>"; };
		300EE2001F13FCB8005C346E /* AppDelegate.m */ = {isa = PBXFileReference; lastKnownFileType = sourcecode.c.objc; path = AppDelegate.m; sourceTree = "<group>"; };
		300EE2021F13FCB8005C346E /* ViewController.h */ = {isa = PBXFileReference; lastKnownFileType = sourcecode.c.h; path = ViewController.h; sourceTree = "<group>"; };
		300EE2031F13FCB8005C346E /* ViewController.m */ = {isa = PBXFileReference; lastKnownFileType = sourcecode.c.objc; path = ViewController.m; sourceTree = "<group>"; };
		300EE2061F13FCB8005C346E /* Base */ = {isa = PBXFileReference; lastKnownFileType = file.storyboard; name = Base; path = Base.lproj/Main.storyboard; sourceTree = "<group>"; };
		300EE2081F13FCB8005C346E /* Assets.xcassets */ = {isa = PBXFileReference; lastKnownFileType = folder.assetcatalog; path = Assets.xcassets; sourceTree = "<group>"; };
		300EE20B1F13FCB8005C346E /* Base */ = {isa = PBXFileReference; lastKnownFileType = file.storyboard; name = Base; path = Base.lproj/LaunchScreen.storyboard; sourceTree = "<group>"; };
		300EE20D1F13FCB8005C346E /* Info.plist */ = {isa = PBXFileReference; lastKnownFileType = text.plist.xml; path = Info.plist; sourceTree = "<group>"; };
		300EE2141F14027E005C346E /* Contents.json */ = {isa = PBXFileReference; fileEncoding = 4; lastKnownFileType = text.json; path = Contents.json; sourceTree = "<group>"; };
		300EE2161F14027E005C346E /* Contents.json */ = {isa = PBXFileReference; fileEncoding = 4; lastKnownFileType = text.json; path = Contents.json; sourceTree = "<group>"; };
		300EE2171F14027E005C346E /* Lighthouse-in-Field.jpg */ = {isa = PBXFileReference; lastKnownFileType = image.jpeg; path = "Lighthouse-in-Field.jpg"; sourceTree = "<group>"; };
		300EE2191F14027E005C346E /* Contents.json */ = {isa = PBXFileReference; fileEncoding = 4; lastKnownFileType = text.json; path = Contents.json; sourceTree = "<group>"; };
		300EE21A1F14027E005C346E /* Lighthouse-night.jpg */ = {isa = PBXFileReference; lastKnownFileType = image.jpeg; path = "Lighthouse-night.jpg"; sourceTree = "<group>"; };
		300EE21C1F14027E005C346E /* Contents.json */ = {isa = PBXFileReference; fileEncoding = 4; lastKnownFileType = text.json; path = Contents.json; sourceTree = "<group>"; };
		300EE21D1F14027E005C346E /* Lighthouse.jpg */ = {isa = PBXFileReference; lastKnownFileType = image.jpeg; path = Lighthouse.jpg; sourceTree = "<group>"; };
/* End PBXFileReference section */

/* Begin PBXFrameworksBuildPhase section */
		300EE1F61F13FCB8005C346E /* Frameworks */ = {
			isa = PBXFrameworksBuildPhase;
			buildActionMask = 2147483647;
			files = (
			);
			runOnlyForDeploymentPostprocessing = 0;
		};
/* End PBXFrameworksBuildPhase section */

/* Begin PBXGroup section */
		300EE1F01F13FCB8005C346E = {
			isa = PBXGroup;
			children = (
				300EE1FB1F13FCB8005C346E /* ScrollView-ImageGalleries */,
				300EE1FA1F13FCB8005C346E /* Products */,
			);
			sourceTree = "<group>";
		};
		300EE1FA1F13FCB8005C346E /* Products */ = {
			isa = PBXGroup;
			children = (
				300EE1F91F13FCB8005C346E /* ScrollView-ImageGalleries.app */,
			);
			name = Products;
			sourceTree = "<group>";
		};
		300EE1FB1F13FCB8005C346E /* ScrollView-ImageGalleries */ = {
			isa = PBXGroup;
			children = (
				300EE2051F13FCB8005C346E /* Main.storyboard */,
				300EE2021F13FCB8005C346E /* ViewController.h */,
				300EE2031F13FCB8005C346E /* ViewController.m */,
				300EE1FC1F13FCB8005C346E /* Supporting Files */,
			);
			path = "ScrollView-ImageGalleries";
			sourceTree = "<group>";
		};
		300EE1FC1F13FCB8005C346E /* Supporting Files */ = {
			isa = PBXGroup;
			children = (
				300EE1FF1F13FCB8005C346E /* AppDelegate.h */,
				300EE2001F13FCB8005C346E /* AppDelegate.m */,
				300EE20A1F13FCB8005C346E /* LaunchScreen.storyboard */,
				300EE20D1F13FCB8005C346E /* Info.plist */,
				300EE2081F13FCB8005C346E /* Assets.xcassets */,
				300EE2131F14027E005C346E /* AppIcon.appiconset */,
				300EE2151F14027E005C346E /* Lighthouse-in-Field.imageset */,
				300EE2181F14027E005C346E /* Lighthouse-night.imageset */,
				300EE21B1F14027E005C346E /* Lighthouse-zoomed.imageset */,
				300EE1FD1F13FCB8005C346E /* main.m */,
			);
			name = "Supporting Files";
			sourceTree = "<group>";
		};
		300EE2131F14027E005C346E /* AppIcon.appiconset */ = {
			isa = PBXGroup;
			children = (
				300EE2141F14027E005C346E /* Contents.json */,
			);
			path = AppIcon.appiconset;
			sourceTree = "<group>";
		};
		300EE2151F14027E005C346E /* Lighthouse-in-Field.imageset */ = {
			isa = PBXGroup;
			children = (
				300EE2161F14027E005C346E /* Contents.json */,
				300EE2171F14027E005C346E /* Lighthouse-in-Field.jpg */,
			);
			path = "Lighthouse-in-Field.imageset";
			sourceTree = "<group>";
		};
		300EE2181F14027E005C346E /* Lighthouse-night.imageset */ = {
			isa = PBXGroup;
			children = (
				300EE2191F14027E005C346E /* Contents.json */,
				300EE21A1F14027E005C346E /* Lighthouse-night.jpg */,
			);
			path = "Lighthouse-night.imageset";
			sourceTree = "<group>";
		};
		300EE21B1F14027E005C346E /* Lighthouse-zoomed.imageset */ = {
			isa = PBXGroup;
			children = (
				300EE21C1F14027E005C346E /* Contents.json */,
				300EE21D1F14027E005C346E /* Lighthouse.jpg */,
			);
			path = "Lighthouse-zoomed.imageset";
			sourceTree = "<group>";
		};
/* End PBXGroup section */

/* Begin PBXNativeTarget section */
		300EE1F81F13FCB8005C346E /* ScrollView-ImageGalleries */ = {
			isa = PBXNativeTarget;
			buildConfigurationList = 300EE2101F13FCB8005C346E /* Build configuration list for PBXNativeTarget "ScrollView-ImageGalleries" */;
			buildPhases = (
				300EE1F51F13FCB8005C346E /* Sources */,
				300EE1F61F13FCB8005C346E /* Frameworks */,
				300EE1F71F13FCB8005C346E /* Resources */,
			);
			buildRules = (
			);
			dependencies = (
			);
			name = "ScrollView-ImageGalleries";
			productName = "ScrollView-ImageGalleries";
			productReference = 300EE1F91F13FCB8005C346E /* ScrollView-ImageGalleries.app */;
			productType = "com.apple.product-type.application";
		};
/* End PBXNativeTarget section */

/* Begin PBXProject section */
		300EE1F11F13FCB8005C346E /* Project object */ = {
			isa = PBXProject;
			attributes = {
				LastUpgradeCheck = 0830;
				ORGANIZATIONNAME = SamOg;
				TargetAttributes = {
					300EE1F81F13FCB8005C346E = {
						CreatedOnToolsVersion = 8.3.3;
						DevelopmentTeam = 4KJC5XPKL6;
						ProvisioningStyle = Automatic;
					};
				};
			};
			buildConfigurationList = 300EE1F41F13FCB8005C346E /* Build configuration list for PBXProject "ScrollView-ImageGalleries" */;
			compatibilityVersion = "Xcode 3.2";
			developmentRegion = English;
			hasScannedForEncodings = 0;
			knownRegions = (
				en,
				Base,
			);
			mainGroup = 300EE1F01F13FCB8005C346E;
			productRefGroup = 300EE1FA1F13FCB8005C346E /* Products */;
			projectDirPath = "";
			projectRoot = "";
			targets = (
				300EE1F81F13FCB8005C346E /* ScrollView-ImageGalleries */,
			);
		};
/* End PBXProject section */

/* Begin PBXResourcesBuildPhase section */
		300EE1F71F13FCB8005C346E /* Resources */ = {
			isa = PBXResourcesBuildPhase;
			buildActionMask = 2147483647;
			files = (
				300EE21F1F14027E005C346E /* Contents.json in Resources */,
				300EE2241F14027E005C346E /* Lighthouse.jpg in Resources */,
				300EE20C1F13FCB8005C346E /* LaunchScreen.storyboard in Resources */,
				300EE2231F14027E005C346E /* Contents.json in Resources */,
				300EE2091F13FCB8005C346E /* Assets.xcassets in Resources */,
				300EE2201F14027E005C346E /* Lighthouse-in-Field.jpg in Resources */,
				300EE2071F13FCB8005C346E /* Main.storyboard in Resources */,
				300EE21E1F14027E005C346E /* Contents.json in Resources */,
				300EE2221F14027E005C346E /* Lighthouse-night.jpg in Resources */,
				300EE2211F14027E005C346E /* Contents.json in Resources */,
			);
			runOnlyForDeploymentPostprocessing = 0;
		};
/* End PBXResourcesBuildPhase section */

/* Begin PBXSourcesBuildPhase section */
		300EE1F51F13FCB8005C346E /* Sources */ = {
			isa = PBXSourcesBuildPhase;
			buildActionMask = 2147483647;
			files = (
				300EE2041F13FCB8005C346E /* ViewController.m in Sources */,
				300EE2011F13FCB8005C346E /* AppDelegate.m in Sources */,
				300EE1FE1F13FCB8005C346E /* main.m in Sources */,
			);
			runOnlyForDeploymentPostprocessing = 0;
		};
/* End PBXSourcesBuildPhase section */

/* Begin PBXVariantGroup section */
		300EE2051F13FCB8005C346E /* Main.storyboard */ = {
			isa = PBXVariantGroup;
			children = (
				300EE2061F13FCB8005C346E /* Base */,
			);
			name = Main.storyboard;
			sourceTree = "<group>";
		};
		300EE20A1F13FCB8005C346E /* LaunchScreen.storyboard */ = {
			isa = PBXVariantGroup;
			children = (
				300EE20B1F13FCB8005C346E /* Base */,
			);
			name = LaunchScreen.storyboard;
			sourceTree = "<group>";
		};
/* End PBXVariantGroup section */

/* Begin XCBuildConfiguration section */
		300EE20E1F13FCB8005C346E /* Debug */ = {
			isa = XCBuildConfiguration;
			buildSettings = {
				ALWAYS_SEARCH_USER_PATHS = NO;
				CLANG_ANALYZER_NONNULL = YES;
				CLANG_ANALYZER_NUMBER_OBJECT_CONVERSION = YES_AGGRESSIVE;
				CLANG_CXX_LANGUAGE_STANDARD = "gnu++0x";
				CLANG_CXX_LIBRARY = "libc++";
				CLANG_ENABLE_MODULES = YES;
				CLANG_ENABLE_OBJC_ARC = YES;
				CLANG_WARN_BOOL_CONVERSION = YES;
				CLANG_WARN_CONSTANT_CONVERSION = YES;
				CLANG_WARN_DIRECT_OBJC_ISA_USAGE = YES_ERROR;
				CLANG_WARN_DOCUMENTATION_COMMENTS = YES;
				CLANG_WARN_EMPTY_BODY = YES;
				CLANG_WARN_ENUM_CONVERSION = YES;
				CLANG_WARN_INFINITE_RECURSION = YES;
				CLANG_WARN_INT_CONVERSION = YES;
				CLANG_WARN_OBJC_ROOT_CLASS = YES_ERROR;
				CLANG_WARN_SUSPICIOUS_MOVE = YES;
				CLANG_WARN_UNREACHABLE_CODE = YES;
				CLANG_WARN__DUPLICATE_METHOD_MATCH = YES;
				"CODE_SIGN_IDENTITY[sdk=iphoneos*]" = "iPhone Developer";
				COPY_PHASE_STRIP = NO;
				DEBUG_INFORMATION_FORMAT = dwarf;
				ENABLE_STRICT_OBJC_MSGSEND = YES;
				ENABLE_TESTABILITY = YES;
				GCC_C_LANGUAGE_STANDARD = gnu99;
				GCC_DYNAMIC_NO_PIC = NO;
				GCC_NO_COMMON_BLOCKS = YES;
				GCC_OPTIMIZATION_LEVEL = 0;
				GCC_PREPROCESSOR_DEFINITIONS = (
					"DEBUG=1",
					"$(inherited)",
				);
				GCC_WARN_64_TO_32_BIT_CONVERSION = YES;
				GCC_WARN_ABOUT_RETURN_TYPE = YES_ERROR;
				GCC_WARN_UNDECLARED_SELECTOR = YES;
				GCC_WARN_UNINITIALIZED_AUTOS = YES_AGGRESSIVE;
				GCC_WARN_UNUSED_FUNCTION = YES;
				GCC_WARN_UNUSED_VARIABLE = YES;
				IPHONEOS_DEPLOYMENT_TARGET = 10.3;
				MTL_ENABLE_DEBUG_INFO = YES;
				ONLY_ACTIVE_ARCH = YES;
				SDKROOT = iphoneos;
				TARGETED_DEVICE_FAMILY = "1,2";
			};
			name = Debug;
		};
		300EE20F1F13FCB8005C346E /* Release */ = {
			isa = XCBuildConfiguration;
			buildSettings = {
				ALWAYS_SEARCH_USER_PATHS = NO;
				CLANG_ANALYZER_NONNULL = YES;
				CLANG_ANALYZER_NUMBER_OBJECT_CONVERSION = YES_AGGRESSIVE;
				CLANG_CXX_LANGUAGE_STANDARD = "gnu++0x";
				CLANG_CXX_LIBRARY = "libc++";
				CLANG_ENABLE_MODULES = YES;
				CLANG_ENABLE_OBJC_ARC = YES;
				CLANG_WARN_BOOL_CONVERSION = YES;
				CLANG_WARN_CONSTANT_CONVERSION = YES;
				CLANG_WARN_DIRECT_OBJC_ISA_USAGE = YES_ERROR;
				CLANG_WARN_DOCUMENTATION_COMMENTS = YES;
				CLANG_WARN_EMPTY_BODY = YES;
				CLANG_WARN_ENUM_CONVERSION = YES;
				CLANG_WARN_INFINITE_RECURSION = YES;
				CLANG_WARN_INT_CONVERSION = YES;
				CLANG_WARN_OBJC_ROOT_CLASS = YES_ERROR;
				CLANG_WARN_SUSPICIOUS_MOVE = YES;
				CLANG_WARN_UNREACHABLE_CODE = YES;
				CLANG_WARN__DUPLICATE_METHOD_MATCH = YES;
				"CODE_SIGN_IDENTITY[sdk=iphoneos*]" = "iPhone Developer";
				COPY_PHASE_STRIP = NO;
				DEBUG_INFORMATION_FORMAT = "dwarf-with-dsym";
				ENABLE_NS_ASSERTIONS = NO;
				ENABLE_STRICT_OBJC_MSGSEND = YES;
				GCC_C_LANGUAGE_STANDARD = gnu99;
				GCC_NO_COMMON_BLOCKS = YES;
				GCC_WARN_64_TO_32_BIT_CONVERSION = YES;
				GCC_WARN_ABOUT_RETURN_TYPE = YES_ERROR;
				GCC_WARN_UNDECLARED_SELECTOR = YES;
				GCC_WARN_UNINITIALIZED_AUTOS = YES_AGGRESSIVE;
				GCC_WARN_UNUSED_FUNCTION = YES;
				GCC_WARN_UNUSED_VARIABLE = YES;
				IPHONEOS_DEPLOYMENT_TARGET = 10.3;
				MTL_ENABLE_DEBUG_INFO = NO;
				SDKROOT = iphoneos;
				TARGETED_DEVICE_FAMILY = "1,2";
				VALIDATE_PRODUCT = YES;
			};
			name = Release;
		};
		300EE2111F13FCB8005C346E /* Debug */ = {
			isa = XCBuildConfiguration;
			buildSettings = {
				ASSETCATALOG_COMPILER_APPICON_NAME = AppIcon;
				DEVELOPMENT_TEAM = 4KJC5XPKL6;
				INFOPLIST_FILE = "ScrollView-ImageGalleries/Info.plist";
				LD_RUNPATH_SEARCH_PATHS = "$(inherited) @executable_path/Frameworks";
				PRODUCT_BUNDLE_IDENTIFIER = "com.samog.ScrollView-ImageGalleries";
				PRODUCT_NAME = "$(TARGET_NAME)";
			};
			name = Debug;
		};
		300EE2121F13FCB8005C346E /* Release */ = {
			isa = XCBuildConfiguration;
			buildSettings = {
				ASSETCATALOG_COMPILER_APPICON_NAME = AppIcon;
				DEVELOPMENT_TEAM = 4KJC5XPKL6;
				INFOPLIST_FILE = "ScrollView-ImageGalleries/Info.plist";
				LD_RUNPATH_SEARCH_PATHS = "$(inherited) @executable_path/Frameworks";
				PRODUCT_BUNDLE_IDENTIFIER = "com.samog.ScrollView-ImageGalleries";
				PRODUCT_NAME = "$(TARGET_NAME)";
			};
			name = Release;
		};
/* End XCBuildConfiguration section */

/* Begin XCConfigurationList section */
		300EE1F41F13FCB8005C346E /* Build configuration list for PBXProject "ScrollView-ImageGalleries" */ = {
			isa = XCConfigurationList;
			buildConfigurations = (
				300EE20E1F13FCB8005C346E /* Debug */,
				300EE20F1F13FCB8005C346E /* Release */,
			);
			defaultConfigurationIsVisible = 0;
			defaultConfigurationName = Release;
		};
		300EE2101F13FCB8005C346E /* Build configuration list for PBXNativeTarget "ScrollView-ImageGalleries" */ = {
			isa = XCConfigurationList;
			buildConfigurations = (
				300EE2111F13FCB8005C346E /* Debug */,
				300EE2121F13FCB8005C346E /* Release */,
			);
			defaultConfigurationIsVisible = 0;
		};
/* End XCConfigurationList section */
	};
	rootObject = 300EE1F11F13FCB8005C346E /* Project object */;
}
